{
  "nodes": {
    "brew-src": {
      "flake": false,
      "locked": {
        "lastModified": 1783362696,
        "narHash": "sha256-EoWrmg9eYGJpgKptbl8/gOXWrurXbRtaTIDIXjbgTU8=",
        "owner": "Homebrew",
        "repo": "brew",
        "rev": "18185ee497feb9bc0ea189fd77665caa7d5964d8",
        "type": "github"
      },
      "original": {
        "owner": "Homebrew",
        "ref": "6.0.8",
        "repo": "brew",
        "type": "github"
      }
    },
    "root": {
      "inputs": {
        "brew-src": "brew-src"
      }
    }
  },
  "root": "root",
  "version": 7
}
