{
  "nodes": {
    "brew-src": {
      "flake": false,
      "locked": {
        "lastModified": 1791122900,
        "narHash": "sha256-ktO8OiPLPqaDMyJXi71XM19YX2oByqwopg5AA4AFn7g=",
        "owner": "Homebrew",
        "repo": "brew",
        "rev": "a57af195cf9d7addb48bdb1204c9151313cd0057",
        "type": "github"
      },
      "original": {
        "owner": "Homebrew",
        "ref": "7.0.8",
        "repo": "brew",
        "type": "github"
      }
    },
    "root": {
      "inputs": {
        "brew-src": "brew-src"
      }
    }
  },
  "root": "root",
  "version": 7
}
