{
  "nodes": {
    "brew-src": {
      "flake": false,
      "locked": {
        "lastModified": 1789577989,
        "narHash": "sha256-iI9wIO0/wYZuXuSnlPuSy+mlzlp5ZzuhMfAu+8/P0mQ=",
        "owner": "Homebrew",
        "repo": "brew",
        "rev": "99fd9a8eed4ff942c448da0c1f11156302441e4a",
        "type": "github"
      },
      "original": {
        "owner": "Homebrew",
        "ref": "7.0.3",
        "repo": "brew",
        "type": "github"
      }
    },
    "root": {
      "inputs": {
        "brew-src": "brew-src"
      }
    }
  },
  "root": "root",
  "version": 7
}
